
Microsoft Visual Studio Solution File, Format Version 12.00
# Visual Studio Version 17
VisualStudioVersion = 17.9.34723.18
MinimumVisualStudioVersion = 10.0.40219.1
Project("{2150E333-8FDC-42A3-9474-1A3956D46DE8}") = "Creational", "Creational", "{51227016-E6E9-46A0-8F07-23AA4889711A}"
EndProject
Project("{2150E333-8FDC-42A3-9474-1A3956D46DE8}") = "Structural", "Structural", "{5EB937EF-A523-4F2B-9B6D-65CC7CAF185D}"
EndProject
Project("{2150E333-8FDC-42A3-9474-1A3956D46DE8}") = "Behavioral", "Behavioral", "{53BB6870-DA3E-4551-AB67-CA56CDE7BF82}"
EndProject
Project("{9A19103F-16F7-4668-BE54-9A1E7A4F7556}") = "SingletonPattern.Book", "Singleton\SingletonPattern.Book.csproj", "{348513D8-AD84-479E-A993-5F101AE43DC6}"
EndProject
Project("{2150E333-8FDC-42A3-9474-1A3956D46DE8}") = "Singleton", "Singleton", "{AFBA3689-F203-4993-81D6-41485B210F68}"
EndProject
Project("{9A19103F-16F7-4668-BE54-9A1E7A4F7556}") = "Singleton.Log", "Singleton.Log\Singleton.Log.csproj", "{6DE610A8-EC34-41E0-B91E-FC49B7CD1C2A}"
EndProject
Project("{9A19103F-16F7-4668-BE54-9A1E7A4F7556}") = "Singleton.Web", "Singleton.Web\Singleton.Web.csproj", "{88552134-B8F7-4227-A0DE-4E7DE2544B0A}"
EndProject
Project("{9A19103F-16F7-4668-BE54-9A1E7A4F7556}") = "Tools", "Tools\Tools.csproj", "{FD7ECDD7-17AE-4950-9E8E-7F772C2BBA40}"
EndProject
Project("{2150E333-8FDC-42A3-9474-1A3956D46DE8}") = "FactoryMethod", "FactoryMethod", "{8F198E0A-7DF5-4F85-85DD-B96190D3DD27}"
EndProject
Project("{9A19103F-16F7-4668-BE54-9A1E7A4F7556}") = "Factory.Console", "Factory.Console\Factory.Console.csproj", "{8AF21E4C-B35E-4193-BDB6-BCC92130F1DB}"
EndProject
Project("{9A19103F-16F7-4668-BE54-9A1E7A4F7556}") = "Factory.Web", "Factory.Web\Factory.Web.csproj", "{EA41D60B-234A-479D-A38D-0310C44FE7B7}"
EndProject
Project("{9A19103F-16F7-4668-BE54-9A1E7A4F7556}") = "FactoryMethod.Book", "FactoryMethod.Book\FactoryMethod.Book.csproj", "{0587728F-0CC4-4BB9-94F2-4108ADAD1284}"
EndProject
Project("{2150E333-8FDC-42A3-9474-1A3956D46DE8}") = "Strategy", "Strategy", "{324D22ED-BE09-4153-B1B5-8BFFDDE5AC71}"
EndProject
Project("{9A19103F-16F7-4668-BE54-9A1E7A4F7556}") = "Strategy.Console", "Strategy.Console\Strategy.Console.csproj", "{480DD1AB-A83D-41A9-BD72-07647350BE75}"
EndProject
Project("{9A19103F-16F7-4668-BE54-9A1E7A4F7556}") = "Strategy.Book", "Strategy.Book\Strategy.Book.csproj", "{5B18FEC8-7166-4081-9369-760311C41370}"
EndProject
Project("{2150E333-8FDC-42A3-9474-1A3956D46DE8}") = "Repository", "Repository", "{CF9120D5-C77A-44F5-9509-DA004E75B469}"
EndProject
Project("{9A19103F-16F7-4668-BE54-9A1E7A4F7556}") = "Repository.Client", "Repository.Client\Repository.Client.csproj", "{6F55ECB2-2E93-4AD0-9646-2F90103EBF0C}"
EndProject
Project("{E53339B2-1760-4266-BCC7-CA923CBCF16C}") = "docker-compose", "docker-compose.dcproj", "{75C309E2-9367-4793-8DAB-F235F5379C83}"
EndProject
Project("{2150E333-8FDC-42A3-9474-1A3956D46DE8}") = "Builder", "Builder", "{26DB8EED-8B2E-4D52-BF3A-397C8FDC6EED}"
EndProject
Project("{2150E333-8FDC-42A3-9474-1A3956D46DE8}") = "Adapter", "Adapter", "{2B446813-5CE5-470A-9866-839CAA66011D}"
EndProject
Project("{2150E333-8FDC-42A3-9474-1A3956D46DE8}") = "Decorator", "Decorator", "{AA9A2BA3-ED2A-4B43-9C53-2D487360A6D2}"
EndProject
Project("{2150E333-8FDC-42A3-9474-1A3956D46DE8}") = "Mediator", "Mediator", "{0217F57D-F265-4DE2-B046-0C6785E43805}"
EndProject
Project("{2150E333-8FDC-42A3-9474-1A3956D46DE8}") = "Observer", "Observer", "{0757490E-9FBA-403A-A1F1-F94E0EC89FC1}"
EndProject
Project("{9A19103F-16F7-4668-BE54-9A1E7A4F7556}") = "Mediator.Book", "Mediator.Book\Mediator.Book.csproj", "{D19AF60F-F976-4144-AE1E-3CBE645ED092}"
EndProject
Project("{9A19103F-16F7-4668-BE54-9A1E7A4F7556}") = "Mediator.Console", "Mediator.Console\Mediator.Console.csproj", "{D78EB239-4C54-4AF0-98B7-529370316BCF}"
EndProject
Project("{9A19103F-16F7-4668-BE54-9A1E7A4F7556}") = "Observer.Book", "Observer.Book\Observer.Book.csproj", "{05B66DBE-29A0-4E1C-B54D-26E515A1E007}"
EndProject
Project("{9A19103F-16F7-4668-BE54-9A1E7A4F7556}") = "Builder.Console", "Builder.Console\Builder.Console.csproj", "{E43BE15D-B3F5-4E74-8C80-718127167842}"
EndProject
Project("{9A19103F-16F7-4668-BE54-9A1E7A4F7556}") = "Builder.FluentAPI", "Builder.Book\Builder.FluentAPI.csproj", "{4236F1FE-BAA3-4672-B524-44E1DB489269}"
EndProject
Project("{9A19103F-16F7-4668-BE54-9A1E7A4F7556}") = "Adapter.Console", "Adapter.Console\Adapter.Console.csproj", "{7B027128-6110-45D0-A6E8-CA588AFD67A2}"
EndProject
Project("{9A19103F-16F7-4668-BE54-9A1E7A4F7556}") = "Adapter.RealWorld", "Adapter.RealExample\Adapter.RealWorld.csproj", "{486D1342-F93B-442A-A599-F394018280B6}"
EndProject
Project("{9A19103F-16F7-4668-BE54-9A1E7A4F7556}") = "Decorator.Console", "Decorator.Console\Decorator.Console.csproj", "{D3660B66-4437-4D5A-A33D-C0E786BA8C95}"
EndProject
Project("{9A19103F-16F7-4668-BE54-9A1E7A4F7556}") = "Decorator.RealWorld", "Decorator.RealWorld\Decorator.RealWorld.csproj", "{007B77EB-69D4-43A4-ABBE-37EB508ABFD2}"
EndProject
Global
	GlobalSection(SolutionConfigurationPlatforms) = preSolution
		Debug|Any CPU = Debug|Any CPU
		Release|Any CPU = Release|Any CPU
	EndGlobalSection
	GlobalSection(ProjectConfigurationPlatforms) = postSolution
		{348513D8-AD84-479E-A993-5F101AE43DC6}.Debug|Any CPU.ActiveCfg = Debug|Any CPU
		{348513D8-AD84-479E-A993-5F101AE43DC6}.Debug|Any CPU.Build.0 = Debug|Any CPU
		{348513D8-AD84-479E-A993-5F101AE43DC6}.Release|Any CPU.ActiveCfg = Release|Any CPU
		{348513D8-AD84-479E-A993-5F101AE43DC6}.Release|Any CPU.Build.0 = Release|Any CPU
		{6DE610A8-EC34-41E0-B91E-FC49B7CD1C2A}.Debug|Any CPU.ActiveCfg = Debug|Any CPU
		{6DE610A8-EC34-41E0-B91E-FC49B7CD1C2A}.Debug|Any CPU.Build.0 = Debug|Any CPU
		{6DE610A8-EC34-41E0-B91E-FC49B7CD1C2A}.Release|Any CPU.ActiveCfg = Release|Any CPU
		{6DE610A8-EC34-41E0-B91E-FC49B7CD1C2A}.Release|Any CPU.Build.0 = Release|Any CPU
		{88552134-B8F7-4227-A0DE-4E7DE2544B0A}.Debug|Any CPU.ActiveCfg = Debug|Any CPU
		{88552134-B8F7-4227-A0DE-4E7DE2544B0A}.Debug|Any CPU.Build.0 = Debug|Any CPU
		{88552134-B8F7-4227-A0DE-4E7DE2544B0A}.Release|Any CPU.ActiveCfg = Release|Any CPU
		{88552134-B8F7-4227-A0DE-4E7DE2544B0A}.Release|Any CPU.Build.0 = Release|Any CPU
		{FD7ECDD7-17AE-4950-9E8E-7F772C2BBA40}.Debug|Any CPU.ActiveCfg = Debug|Any CPU
		{FD7ECDD7-17AE-4950-9E8E-7F772C2BBA40}.Debug|Any CPU.Build.0 = Debug|Any CPU
		{FD7ECDD7-17AE-4950-9E8E-7F772C2BBA40}.Release|Any CPU.ActiveCfg = Release|Any CPU
		{FD7ECDD7-17AE-4950-9E8E-7F772C2BBA40}.Release|Any CPU.Build.0 = Release|Any CPU
		{8AF21E4C-B35E-4193-BDB6-BCC92130F1DB}.Debug|Any CPU.ActiveCfg = Debug|Any CPU
		{8AF21E4C-B35E-4193-BDB6-BCC92130F1DB}.Debug|Any CPU.Build.0 = Debug|Any CPU
		{8AF21E4C-B35E-4193-BDB6-BCC92130F1DB}.Release|Any CPU.ActiveCfg = Release|Any CPU
		{8AF21E4C-B35E-4193-BDB6-BCC92130F1DB}.Release|Any CPU.Build.0 = Release|Any CPU
		{EA41D60B-234A-479D-A38D-0310C44FE7B7}.Debug|Any CPU.ActiveCfg = Debug|Any CPU
		{EA41D60B-234A-479D-A38D-0310C44FE7B7}.Debug|Any CPU.Build.0 = Debug|Any CPU
		{EA41D60B-234A-479D-A38D-0310C44FE7B7}.Release|Any CPU.ActiveCfg = Release|Any CPU
		{EA41D60B-234A-479D-A38D-0310C44FE7B7}.Release|Any CPU.Build.0 = Release|Any CPU
		{0587728F-0CC4-4BB9-94F2-4108ADAD1284}.Debug|Any CPU.ActiveCfg = Debug|Any CPU
		{0587728F-0CC4-4BB9-94F2-4108ADAD1284}.Debug|Any CPU.Build.0 = Debug|Any CPU
		{0587728F-0CC4-4BB9-94F2-4108ADAD1284}.Release|Any CPU.ActiveCfg = Release|Any CPU
		{0587728F-0CC4-4BB9-94F2-4108ADAD1284}.Release|Any CPU.Build.0 = Release|Any CPU
		{480DD1AB-A83D-41A9-BD72-07647350BE75}.Debug|Any CPU.ActiveCfg = Debug|Any CPU
		{480DD1AB-A83D-41A9-BD72-07647350BE75}.Debug|Any CPU.Build.0 = Debug|Any CPU
		{480DD1AB-A83D-41A9-BD72-07647350BE75}.Release|Any CPU.ActiveCfg = Release|Any CPU
		{480DD1AB-A83D-41A9-BD72-07647350BE75}.Release|Any CPU.Build.0 = Release|Any CPU
		{5B18FEC8-7166-4081-9369-760311C41370}.Debug|Any CPU.ActiveCfg = Debug|Any CPU
		{5B18FEC8-7166-4081-9369-760311C41370}.Debug|Any CPU.Build.0 = Debug|Any CPU
		{5B18FEC8-7166-4081-9369-760311C41370}.Release|Any CPU.ActiveCfg = Release|Any CPU
		{5B18FEC8-7166-4081-9369-760311C41370}.Release|Any CPU.Build.0 = Release|Any CPU
		{6F55ECB2-2E93-4AD0-9646-2F90103EBF0C}.Debug|Any CPU.ActiveCfg = Debug|Any CPU
		{6F55ECB2-2E93-4AD0-9646-2F90103EBF0C}.Debug|Any CPU.Build.0 = Debug|Any CPU
		{6F55ECB2-2E93-4AD0-9646-2F90103EBF0C}.Release|Any CPU.ActiveCfg = Release|Any CPU
		{6F55ECB2-2E93-4AD0-9646-2F90103EBF0C}.Release|Any CPU.Build.0 = Release|Any CPU
		{75C309E2-9367-4793-8DAB-F235F5379C83}.Debug|Any CPU.ActiveCfg = Debug|Any CPU
		{75C309E2-9367-4793-8DAB-F235F5379C83}.Debug|Any CPU.Build.0 = Debug|Any CPU
		{75C309E2-9367-4793-8DAB-F235F5379C83}.Release|Any CPU.ActiveCfg = Release|Any CPU
		{75C309E2-9367-4793-8DAB-F235F5379C83}.Release|Any CPU.Build.0 = Release|Any CPU
		{D19AF60F-F976-4144-AE1E-3CBE645ED092}.Debug|Any CPU.ActiveCfg = Debug|Any CPU
		{D19AF60F-F976-4144-AE1E-3CBE645ED092}.Debug|Any CPU.Build.0 = Debug|Any CPU
		{D19AF60F-F976-4144-AE1E-3CBE645ED092}.Release|Any CPU.ActiveCfg = Release|Any CPU
		{D19AF60F-F976-4144-AE1E-3CBE645ED092}.Release|Any CPU.Build.0 = Release|Any CPU
		{D78EB239-4C54-4AF0-98B7-529370316BCF}.Debug|Any CPU.ActiveCfg = Debug|Any CPU
		{D78EB239-4C54-4AF0-98B7-529370316BCF}.Debug|Any CPU.Build.0 = Debug|Any CPU
		{D78EB239-4C54-4AF0-98B7-529370316BCF}.Release|Any CPU.ActiveCfg = Release|Any CPU
		{D78EB239-4C54-4AF0-98B7-529370316BCF}.Release|Any CPU.Build.0 = Release|Any CPU
		{05B66DBE-29A0-4E1C-B54D-26E515A1E007}.Debug|Any CPU.ActiveCfg = Debug|Any CPU
		{05B66DBE-29A0-4E1C-B54D-26E515A1E007}.Debug|Any CPU.Build.0 = Debug|Any CPU
		{05B66DBE-29A0-4E1C-B54D-26E515A1E007}.Release|Any CPU.ActiveCfg = Release|Any CPU
		{05B66DBE-29A0-4E1C-B54D-26E515A1E007}.Release|Any CPU.Build.0 = Release|Any CPU
		{E43BE15D-B3F5-4E74-8C80-718127167842}.Debug|Any CPU.ActiveCfg = Debug|Any CPU
		{E43BE15D-B3F5-4E74-8C80-718127167842}.Debug|Any CPU.Build.0 = Debug|Any CPU
		{E43BE15D-B3F5-4E74-8C80-718127167842}.Release|Any CPU.ActiveCfg = Release|Any CPU
		{E43BE15D-B3F5-4E74-8C80-718127167842}.Release|Any CPU.Build.0 = Release|Any CPU
		{4236F1FE-BAA3-4672-B524-44E1DB489269}.Debug|Any CPU.ActiveCfg = Debug|Any CPU
		{4236F1FE-BAA3-4672-B524-44E1DB489269}.Debug|Any CPU.Build.0 = Debug|Any CPU
		{4236F1FE-BAA3-4672-B524-44E1DB489269}.Release|Any CPU.ActiveCfg = Release|Any CPU
		{4236F1FE-BAA3-4672-B524-44E1DB489269}.Release|Any CPU.Build.0 = Release|Any CPU
		{7B027128-6110-45D0-A6E8-CA588AFD67A2}.Debug|Any CPU.ActiveCfg = Debug|Any CPU
		{7B027128-6110-45D0-A6E8-CA588AFD67A2}.Debug|Any CPU.Build.0 = Debug|Any CPU
		{7B027128-6110-45D0-A6E8-CA588AFD67A2}.Release|Any CPU.ActiveCfg = Release|Any CPU
		{7B027128-6110-45D0-A6E8-CA588AFD67A2}.Release|Any CPU.Build.0 = Release|Any CPU
		{486D1342-F93B-442A-A599-F394018280B6}.Debug|Any CPU.ActiveCfg = Debug|Any CPU
		{486D1342-F93B-442A-A599-F394018280B6}.Debug|Any CPU.Build.0 = Debug|Any CPU
		{486D1342-F93B-442A-A599-F394018280B6}.Release|Any CPU.ActiveCfg = Release|Any CPU
		{486D1342-F93B-442A-A599-F394018280B6}.Release|Any CPU.Build.0 = Release|Any CPU
		{D3660B66-4437-4D5A-A33D-C0E786BA8C95}.Debug|Any CPU.ActiveCfg = Debug|Any CPU
		{D3660B66-4437-4D5A-A33D-C0E786BA8C95}.Debug|Any CPU.Build.0 = Debug|Any CPU
		{D3660B66-4437-4D5A-A33D-C0E786BA8C95}.Release|Any CPU.ActiveCfg = Release|Any CPU
		{D3660B66-4437-4D5A-A33D-C0E786BA8C95}.Release|Any CPU.Build.0 = Release|Any CPU
		{007B77EB-69D4-43A4-ABBE-37EB508ABFD2}.Debug|Any CPU.ActiveCfg = Debug|Any CPU
		{007B77EB-69D4-43A4-ABBE-37EB508ABFD2}.Debug|Any CPU.Build.0 = Debug|Any CPU
		{007B77EB-69D4-43A4-ABBE-37EB508ABFD2}.Release|Any CPU.ActiveCfg = Release|Any CPU
		{007B77EB-69D4-43A4-ABBE-37EB508ABFD2}.Release|Any CPU.Build.0 = Release|Any CPU
	EndGlobalSection
	GlobalSection(SolutionProperties) = preSolution
		HideSolutionNode = FALSE
	EndGlobalSection
	GlobalSection(NestedProjects) = preSolution
		{348513D8-AD84-479E-A993-5F101AE43DC6} = {AFBA3689-F203-4993-81D6-41485B210F68}
		{AFBA3689-F203-4993-81D6-41485B210F68} = {51227016-E6E9-46A0-8F07-23AA4889711A}
		{6DE610A8-EC34-41E0-B91E-FC49B7CD1C2A} = {AFBA3689-F203-4993-81D6-41485B210F68}
		{88552134-B8F7-4227-A0DE-4E7DE2544B0A} = {AFBA3689-F203-4993-81D6-41485B210F68}
		{FD7ECDD7-17AE-4950-9E8E-7F772C2BBA40} = {51227016-E6E9-46A0-8F07-23AA4889711A}
		{8F198E0A-7DF5-4F85-85DD-B96190D3DD27} = {51227016-E6E9-46A0-8F07-23AA4889711A}
		{8AF21E4C-B35E-4193-BDB6-BCC92130F1DB} = {8F198E0A-7DF5-4F85-85DD-B96190D3DD27}
		{EA41D60B-234A-479D-A38D-0310C44FE7B7} = {8F198E0A-7DF5-4F85-85DD-B96190D3DD27}
		{0587728F-0CC4-4BB9-94F2-4108ADAD1284} = {8F198E0A-7DF5-4F85-85DD-B96190D3DD27}
		{324D22ED-BE09-4153-B1B5-8BFFDDE5AC71} = {53BB6870-DA3E-4551-AB67-CA56CDE7BF82}
		{480DD1AB-A83D-41A9-BD72-07647350BE75} = {324D22ED-BE09-4153-B1B5-8BFFDDE5AC71}
		{5B18FEC8-7166-4081-9369-760311C41370} = {324D22ED-BE09-4153-B1B5-8BFFDDE5AC71}
		{CF9120D5-C77A-44F5-9509-DA004E75B469} = {5EB937EF-A523-4F2B-9B6D-65CC7CAF185D}
		{6F55ECB2-2E93-4AD0-9646-2F90103EBF0C} = {CF9120D5-C77A-44F5-9509-DA004E75B469}
		{26DB8EED-8B2E-4D52-BF3A-397C8FDC6EED} = {51227016-E6E9-46A0-8F07-23AA4889711A}
		{2B446813-5CE5-470A-9866-839CAA66011D} = {5EB937EF-A523-4F2B-9B6D-65CC7CAF185D}
		{AA9A2BA3-ED2A-4B43-9C53-2D487360A6D2} = {5EB937EF-A523-4F2B-9B6D-65CC7CAF185D}
		{0217F57D-F265-4DE2-B046-0C6785E43805} = {53BB6870-DA3E-4551-AB67-CA56CDE7BF82}
		{0757490E-9FBA-403A-A1F1-F94E0EC89FC1} = {53BB6870-DA3E-4551-AB67-CA56CDE7BF82}
		{D19AF60F-F976-4144-AE1E-3CBE645ED092} = {0217F57D-F265-4DE2-B046-0C6785E43805}
		{D78EB239-4C54-4AF0-98B7-529370316BCF} = {0217F57D-F265-4DE2-B046-0C6785E43805}
		{05B66DBE-29A0-4E1C-B54D-26E515A1E007} = {0757490E-9FBA-403A-A1F1-F94E0EC89FC1}
		{E43BE15D-B3F5-4E74-8C80-718127167842} = {26DB8EED-8B2E-4D52-BF3A-397C8FDC6EED}
		{4236F1FE-BAA3-4672-B524-44E1DB489269} = {26DB8EED-8B2E-4D52-BF3A-397C8FDC6EED}
		{7B027128-6110-45D0-A6E8-CA588AFD67A2} = {2B446813-5CE5-470A-9866-839CAA66011D}
		{486D1342-F93B-442A-A599-F394018280B6} = {2B446813-5CE5-470A-9866-839CAA66011D}
		{D3660B66-4437-4D5A-A33D-C0E786BA8C95} = {AA9A2BA3-ED2A-4B43-9C53-2D487360A6D2}
		{007B77EB-69D4-43A4-ABBE-37EB508ABFD2} = {AA9A2BA3-ED2A-4B43-9C53-2D487360A6D2}
	EndGlobalSection
	GlobalSection(ExtensibilityGlobals) = postSolution
		SolutionGuid = {F6062F4E-AA5E-4143-B1C6-23732AD681F0}
	EndGlobalSection
EndGlobal
